
Microsoft Visual Studio Solution File, Format Version 12.00
# Visual Studio Version 17
VisualStudioVersion = 17.9.34622.214
MinimumVisualStudioVersion = 10.0.40219.1
Project("{9A19103F-16F7-4668-BE54-9A1E7A4F7556}") = "NZWalks.API", "NZWalks.API\NZWalks.API.csproj", "{660F7D3F-841A-4794-A834-B7A677A67014}"
EndProject
Project("{FAE04EC0-301F-11D3-BF4B-00C04F79EFBC}") = "NZwalks.UI", "NzWalks.UI\WebApplication1\NZwalks.UI\NZwalks.UI.csproj", "{881AED6A-435F-4ECD-9C8B-A53EC14EDE52}"
EndProject
Global
	GlobalSection(SolutionConfigurationPlatforms) = preSolution
		Debug|Any CPU = Debug|Any CPU
		Release|Any CPU = Release|Any CPU
	EndGlobalSection
	GlobalSection(ProjectConfigurationPlatforms) = postSolution
		{660F7D3F-841A-4794-A834-B7A677A67014}.Debug|Any CPU.ActiveCfg = Debug|Any CPU
		{660F7D3F-841A-4794-A834-B7A677A67014}.Debug|Any CPU.Build.0 = Debug|Any CPU
		{660F7D3F-841A-4794-A834-B7A677A67014}.Release|Any CPU.ActiveCfg = Release|Any CPU
		{660F7D3F-841A-4794-A834-B7A677A67014}.Release|Any CPU.Build.0 = Release|Any CPU
		{881AED6A-435F-4ECD-9C8B-A53EC14EDE52}.Debug|Any CPU.ActiveCfg = Debug|Any CPU
		{881AED6A-435F-4ECD-9C8B-A53EC14EDE52}.Debug|Any CPU.Build.0 = Debug|Any CPU
		{881AED6A-435F-4ECD-9C8B-A53EC14EDE52}.Release|Any CPU.ActiveCfg = Release|Any CPU
		{881AED6A-435F-4ECD-9C8B-A53EC14EDE52}.Release|Any CPU.Build.0 = Release|Any CPU
	EndGlobalSection
	GlobalSection(SolutionProperties) = preSolution
		HideSolutionNode = FALSE
	EndGlobalSection
	GlobalSection(ExtensibilityGlobals) = postSolution
		SolutionGuid = {B49658C0-6355-4DDB-AA00-7F74B2E7A820}
	EndGlobalSection
EndGlobal
